PODS:
  - Flutter (1.0.0)
  - flutter_ble_lib (0.0.1):
    - Flutter
    - MultiplatformBleAdapter (= 0.0.4)
  - flutter_device_locale (0.0.1):
    - Flutter
  - MultiplatformBleAdapter (0.0.4)

DEPENDENCIES:
  - Flutter (from `Flutter`)
  - flutter_ble_lib (from `.symlinks/plugins/flutter_ble_lib/ios`)
  - flutter_device_locale (from `.symlinks/plugins/flutter_device_locale/ios`)

SPEC REPOS:
  trunk:
    - MultiplatformBleAdapter

EXTERNAL SOURCES:
  Flutter:
    :path: Flutter
  flutter_ble_lib:
    :path: ".symlinks/plugins/flutter_ble_lib/ios"
  flutter_device_locale:
    :path: ".symlinks/plugins/flutter_device_locale/ios"

SPEC CHECKSUMS:
  Flutter: 0e3d915762c693b495b44d77113d4970485de6ec
  flutter_ble_lib: 9b0fcef11a0cb8432317e445c4cd413f9cab3b08
  flutter_device_locale: bd88cfdfdcae58b2a9d5ec05389fd99631c9dca7
  MultiplatformBleAdapter: 1beec49bbd1585505a73d4bbf649e05a55dbd85e

PODFILE CHECKSUM: bcbb548b0700acedee840e01c857e353064eb278

COCOAPODS: 1.8.4
